
Microsoft Visual Studio Solution File, Format Version 12.00
# Visual Studio Version 16
VisualStudioVersion = 16.0.31624.102
MinimumVisualStudioVersion = 10.0.40219.1
Project("{FAE04EC0-301F-11D3-BF4B-00C04F79EFBC}") = "MVC_Countries", "MVC_Countries.csproj", "{00E345EA-E8A6-4C20-A3FC-A1826F6C45B0}"
EndProject
Global
	GlobalSection(SolutionConfigurationPlatforms) = preSolution
		Debug|Any CPU = Debug|Any CPU
		Release|Any CPU = Release|Any CPU
	EndGlobalSection
	GlobalSection(ProjectConfigurationPlatforms) = postSolution
		{00E345EA-E8A6-4C20-A3FC-A1826F6C45B0}.Debug|Any CPU.ActiveCfg = Debug|Any CPU
		{00E345EA-E8A6-4C20-A3FC-A1826F6C45B0}.Debug|Any CPU.Build.0 = Debug|Any CPU
		{00E345EA-E8A6-4C20-A3FC-A1826F6C45B0}.Release|Any CPU.ActiveCfg = Release|Any CPU
		{00E345EA-E8A6-4C20-A3FC-A1826F6C45B0}.Release|Any CPU.Build.0 = Release|Any CPU
	EndGlobalSection
	GlobalSection(SolutionProperties) = preSolution
		HideSolutionNode = FALSE
	EndGlobalSection
	GlobalSection(ExtensibilityGlobals) = postSolution
		SolutionGuid = {8DFC2683-7980-4CDA-9FC5-5CD0252F8E3B}
	EndGlobalSection
EndGlobal
